// !$*UTF8*$!
{
	archiveVersion = 1;
	classes = {
	};
	objectVersion = 55;
	objects = {

/* Begin PBXBuildFile section */
		ADF404E9275C12D0003F28F2 /* AppDelegate.swift in Sources */ = {isa = PBXBuildFile; fileRef = ADF404E8275C12D0003F28F2 /* AppDelegate.swift */; };
		ADF404EB275C12D0003F28F2 /* SceneDelegate.swift in Sources */ = {isa = PBXBuildFile; fileRef = ADF404EA275C12D0003F28F2 /* SceneDelegate.swift */; };
		ADF404ED275C12D0003F28F2 /* ViewController.swift in Sources */ = {isa = PBXBuildFile; fileRef = ADF404EC275C12D0003F28F2 /* ViewController.swift */; };
		ADF404F0275C12D0003F28F2 /* Main.storyboard in Resources */ = {isa = PBXBuildFile; fileRef = ADF404EE275C12D0003F28F2 /* Main.storyboard */; };
		ADF404F2275C12D4003F28F2 /* Assets.xcassets in Resources */ = {isa = PBXBuildFile; fileRef = ADF404F1275C12D4003F28F2 /* Assets.xcassets */; };
		ADF404F5275C12D4003F28F2 /* LaunchScreen.storyboard in Resources */ = {isa = PBXBuildFile; fileRef = ADF404F3275C12D4003F28F2 /* LaunchScreen.storyboard */; };
		ADF404FF275C1361003F28F2 /* LoginScreen.swift in Sources */ = {isa = PBXBuildFile; fileRef = ADF404FE275C1361003F28F2 /* LoginScreen.swift */; };
		ADF40501275C17D2003F28F2 /* UserInfoScreen.swift in Sources */ = {isa = PBXBuildFile; fileRef = ADF40500275C17D2003F28F2 /* UserInfoScreen.swift */; };
/* End PBXBuildFile section */

/* Begin PBXFileReference section */
		ADF404E5275C12D0003F28F2 /* SelfieApp.app */ = {isa = PBXFileReference; explicitFileType = wrapper.application; includeInIndex = 0; path = SelfieApp.app; sourceTree = BUILT_PRODUCTS_DIR; };
		ADF404E8275C12D0003F28F2 /* AppDelegate.swift */ = {isa = PBXFileReference; lastKnownFileType = sourcecode.swift; path = AppDelegate.swift; sourceTree = "<group>"; };
		ADF404EA275C12D0003F28F2 /* SceneDelegate.swift */ = {isa = PBXFileReference; lastKnownFileType = sourcecode.swift; path = SceneDelegate.swift; sourceTree = "<group>"; };
		ADF404EC275C12D0003F28F2 /* ViewController.swift */ = {isa = PBXFileReference; lastKnownFileType = sourcecode.swift; path = ViewController.swift; sourceTree = "<group>"; };
		ADF404EF275C12D0003F28F2 /* Base */ = {isa = PBXFileReference; lastKnownFileType = file.storyboard; name = Base; path = Base.lproj/Main.storyboard; sourceTree = "<group>"; };
		ADF404F1275C12D4003F28F2 /* Assets.xcassets */ = {isa = PBXFileReference; lastKnownFileType = folder.assetcatalog; path = Assets.xcassets; sourceTree = "<group>"; };
		ADF404F4275C12D4003F28F2 /* Base */ = {isa = PBXFileReference; lastKnownFileType = file.storyboard; name = Base; path = Base.lproj/LaunchScreen.storyboard; sourceTree = "<group>"; };
		ADF404F6275C12D4003F28F2 /* Info.plist */ = {isa = PBXFileReference; lastKnownFileType = text.plist.xml; path = Info.plist; sourceTree = "<group>"; };
		ADF404FE275C1361003F28F2 /* LoginScreen.swift */ = {isa = PBXFileReference; lastKnownFileType = sourcecode.swift; path = LoginScreen.swift; sourceTree = "<group>"; };
		ADF40500275C17D2003F28F2 /* UserInfoScreen.swift */ = {isa = PBXFileReference; lastKnownFileType = sourcecode.swift; path = UserInfoScreen.swift; sourceTree = "<group>"; };
/* End PBXFileReference section */

/* Begin PBXFrameworksBuildPhase section */
		ADF404E2275C12D0003F28F2 /* Frameworks */ = {
			isa = PBXFrameworksBuildPhase;
			buildActionMask = 2147483647;
			files = (
			);
			runOnlyForDeploymentPostprocessing = 0;
		};
/* End PBXFrameworksBuildPhase section */

/* Begin PBXGroup section */
		ADF404DC275C12D0003F28F2 = {
			isa = PBXGroup;
			children = (
				ADF404E7275C12D0003F28F2 /* SelfieApp */,
				ADF404E6275C12D0003F28F2 /* Products */,
			);
			sourceTree = "<group>";
		};
		ADF404E6275C12D0003F28F2 /* Products */ = {
			isa = PBXGroup;
			children = (
				ADF404E5275C12D0003F28F2 /* SelfieApp.app */,
			);
			name = Products;
			sourceTree = "<group>";
		};
		ADF404E7275C12D0003F28F2 /* SelfieApp */ = {
			isa = PBXGroup;
			children = (
				ADF404E8275C12D0003F28F2 /* AppDelegate.swift */,
				ADF404EA275C12D0003F28F2 /* SceneDelegate.swift */,
				ADF404EC275C12D0003F28F2 /* ViewController.swift */,
				ADF404FE275C1361003F28F2 /* LoginScreen.swift */,
				ADF40500275C17D2003F28F2 /* UserInfoScreen.swift */,
				ADF404EE275C12D0003F28F2 /* Main.storyboard */,
				ADF404F1275C12D4003F28F2 /* Assets.xcassets */,
				ADF404F3275C12D4003F28F2 /* LaunchScreen.storyboard */,
				ADF404F6275C12D4003F28F2 /* Info.plist */,
			);
			path = SelfieApp;
			sourceTree = "<group>";
		};
/* End PBXGroup section */

/* Begin PBXNativeTarget section */
		ADF404E4275C12D0003F28F2 /* SelfieApp */ = {
			isa = PBXNativeTarget;
			buildConfigurationList = ADF404F9275C12D4003F28F2 /* Build configuration list for PBXNativeTarget "SelfieApp" */;
			buildPhases = (
				ADF404E1275C12D0003F28F2 /* Sources */,
				ADF404E2275C12D0003F28F2 /* Frameworks */,
				ADF404E3275C12D0003F28F2 /* Resources */,
			);
			buildRules = (
			);
			dependencies = (
			);
			name = SelfieApp;
			productName = SelfieApp;
			productReference = ADF404E5275C12D0003F28F2 /* SelfieApp.app */;
			productType = "com.apple.product-type.application";
		};
/* End PBXNativeTarget section */

/* Begin PBXProject section */
		ADF404DD275C12D0003F28F2 /* Project object */ = {
			isa = PBXProject;
			attributes = {
				BuildIndependentTargetsInParallel = 1;
				LastSwiftUpdateCheck = 1310;
				LastUpgradeCheck = 1310;
				TargetAttributes = {
					ADF404E4275C12D0003F28F2 = {
						CreatedOnToolsVersion = 13.1;
					};
				};
			};
			buildConfigurationList = ADF404E0275C12D0003F28F2 /* Build configuration list for PBXProject "SelfieApp" */;
			compatibilityVersion = "Xcode 13.0";
			developmentRegion = en;
			hasScannedForEncodings = 0;
			knownRegions = (
				en,
				Base,
			);
			mainGroup = ADF404DC275C12D0003F28F2;
			productRefGroup = ADF404E6275C12D0003F28F2 /* Products */;
			projectDirPath = "";
			projectRoot = "";
			targets = (
				ADF404E4275C12D0003F28F2 /* SelfieApp */,
			);
		};
/* End PBXProject section */

/* Begin PBXResourcesBuildPhase section */
		ADF404E3275C12D0003F28F2 /* Resources */ = {
			isa = PBXResourcesBuildPhase;
			buildActionMask = 2147483647;
			files = (
				ADF404F5275C12D4003F28F2 /* LaunchScreen.storyboard in Resources */,
				ADF404F2275C12D4003F28F2 /* Assets.xcassets in Resources */,
				ADF404F0275C12D0003F28F2 /* Main.storyboard in Resources */,
			);
			runOnlyForDeploymentPostprocessing = 0;
		};
/* End PBXResourcesBuildPhase section */

/* Begin PBXSourcesBuildPhase section */
		ADF404E1275C12D0003F28F2 /* Sources */ = {
			isa = PBXSourcesBuildPhase;
			buildActionMask = 2147483647;
			files = (
				ADF404ED275C12D0003F28F2 /* ViewController.swift in Sources */,
				ADF404FF275C1361003F28F2 /* LoginScreen.swift in Sources */,
				ADF404E9275C12D0003F28F2 /* AppDelegate.swift in Sources */,
				ADF40501275C17D2003F28F2 /* UserInfoScreen.swift in Sources */,
				ADF404EB275C12D0003F28F2 /* SceneDelegate.swift in Sources */,
			);
			runOnlyForDeploymentPostprocessing = 0;
		};
/* End PBXSourcesBuildPhase section */

/* Begin PBXVariantGroup section */
		ADF404EE275C12D0003F28F2 /* Main.storyboard */ = {
			isa = PBXVariantGroup;
			children = (
				ADF404EF275C12D0003F28F2 /* Base */,
			);
			name = Main.storyboard;
			sourceTree = "<group>";
		};
		ADF404F3275C12D4003F28F2 /* LaunchScreen.storyboard */ = {
			isa = PBXVariantGroup;
			children = (
				ADF404F4275C12D4003F28F2 /* Base */,
			);
			name = LaunchScreen.storyboard;
			sourceTree = "<group>";
		};
/* End PBXVariantGroup section */

/* Begin XCBuildConfiguration section */
		ADF404F7275C12D4003F28F2 /* Debug */ = {
			isa = XCBuildConfiguration;
			buildSettings = {
				ALWAYS_SEARCH_USER_PATHS = NO;
				CLANG_ANALYZER_NONNULL = YES;
				CLANG_ANALYZER_NUMBER_OBJECT_CONVERSION = YES_AGGRESSIVE;
				CLANG_CXX_LANGUAGE_STANDARD = "gnu++17";
				CLANG_CXX_LIBRARY = "libc++";
				CLANG_ENABLE_MODULES = YES;
				CLANG_ENABLE_OBJC_ARC = YES;
				CLANG_ENABLE_OBJC_WEAK = YES;
				CLANG_WARN_BLOCK_CAPTURE_AUTORELEASING = YES;
				CLANG_WARN_BOOL_CONVERSION = YES;
				CLANG_WARN_COMMA = YES;
				CLANG_WARN_CONSTANT_CONVERSION = YES;
				CLANG_WARN_DEPRECATED_OBJC_IMPLEMENTATIONS = YES;
				CLANG_WARN_DIRECT_OBJC_ISA_USAGE = YES_ERROR;
				CLANG_WARN_DOCUMENTATION_COMMENTS = YES;
				CLANG_WARN_EMPTY_BODY = YES;
				CLANG_WARN_ENUM_CONVERSION = YES;
				CLANG_WARN_INFINITE_RECURSION = YES;
				CLANG_WARN_INT_CONVERSION = YES;
				CLANG_WARN_NON_LITERAL_NULL_CONVERSION = YES;
				CLANG_WARN_OBJC_IMPLICIT_RETAIN_SELF = YES;
				CLANG_WARN_OBJC_LITERAL_CONVERSION = YES;
				CLANG_WARN_OBJC_ROOT_CLASS = YES_ERROR;
				CLANG_WARN_QUOTED_INCLUDE_IN_FRAMEWORK_HEADER = YES;
				CLANG_WARN_RANGE_LOOP_ANALYSIS = YES;
				CLANG_WARN_STRICT_PROTOTYPES = YES;
				CLANG_WARN_SUSPICIOUS_MOVE = YES;
				CLANG_WARN_UNGUARDED_AVAILABILITY = YES_AGGRESSIVE;
				CLANG_WARN_UNREACHABLE_CODE = YES;
				CLANG_WARN__DUPLICATE_METHOD_MATCH = YES;
				COPY_PHASE_STRIP = NO;
				DEBUG_INFORMATION_FORMAT = dwarf;
				ENABLE_STRICT_OBJC_MSGSEND = YES;
				ENABLE_TESTABILITY = YES;
				GCC_C_LANGUAGE_STANDARD = gnu11;
				GCC_DYNAMIC_NO_PIC = NO;
				GCC_NO_COMMON_BLOCKS = YES;
				GCC_OPTIMIZATION_LEVEL = 0;
				GCC_PREPROCESSOR_DEFINITIONS = (
					"DEBUG=1",
					"$(inherited)",
				);
				GCC_WARN_64_TO_32_BIT_CONVERSION = YES;
				GCC_WARN_ABOUT_RETURN_TYPE = YES_ERROR;
				GCC_WARN_UNDECLARED_SELECTOR = YES;
				GCC_WARN_UNINITIALIZED_AUTOS = YES_AGGRESSIVE;
				GCC_WARN_UNUSED_FUNCTION = YES;
				GCC_WARN_UNUSED_VARIABLE = YES;
				IPHONEOS_DEPLOYMENT_TARGET = 15.0;
				MTL_ENABLE_DEBUG_INFO = INCLUDE_SOURCE;
				MTL_FAST_MATH = YES;
				ONLY_ACTIVE_ARCH = YES;
				SDKROOT = iphoneos;
				SWIFT_ACTIVE_COMPILATION_CONDITIONS = DEBUG;
				SWIFT_OPTIMIZATION_LEVEL = "-Onone";
			};
			name = Debug;
		};
		ADF404F8275C12D4003F28F2 /* Release */ = {
			isa = XCBuildConfiguration;
			buildSettings = {
				ALWAYS_SEARCH_USER_PATHS = NO;
				CLANG_ANALYZER_NONNULL = YES;
				CLANG_ANALYZER_NUMBER_OBJECT_CONVERSION = YES_AGGRESSIVE;
				CLANG_CXX_LANGUAGE_STANDARD = "gnu++17";
				CLANG_CXX_LIBRARY = "libc++";
				CLANG_ENABLE_MODULES = YES;
				CLANG_ENABLE_OBJC_ARC = YES;
				CLANG_ENABLE_OBJC_WEAK = YES;
				CLANG_WARN_BLOCK_CAPTURE_AUTORELEASING = YES;
				CLANG_WARN_BOOL_CONVERSION = YES;
				CLANG_WARN_COMMA = YES;
				CLANG_WARN_CONSTANT_CONVERSION = YES;
				CLANG_WARN_DEPRECATED_OBJC_IMPLEMENTATIONS = YES;
				CLANG_WARN_DIRECT_OBJC_ISA_USAGE = YES_ERROR;
				CLANG_WARN_DOCUMENTATION_COMMENTS = YES;
				CLANG_WARN_EMPTY_BODY = YES;
				CLANG_WARN_ENUM_CONVERSION = YES;
				CLANG_WARN_INFINITE_RECURSION = YES;
				CLANG_WARN_INT_CONVERSION = YES;
				CLANG_WARN_NON_LITERAL_NULL_CONVERSION = YES;
				CLANG_WARN_OBJC_IMPLICIT_RETAIN_SELF = YES;
				CLANG_WARN_OBJC_LITERAL_CONVERSION = YES;
				CLANG_WARN_OBJC_ROOT_CLASS = YES_ERROR;
				CLANG_WARN_QUOTED_INCLUDE_IN_FRAMEWORK_HEADER = YES;
				CLANG_WARN_RANGE_LOOP_ANALYSIS = YES;
				CLANG_WARN_STRICT_PROTOTYPES = YES;
				CLANG_WARN_SUSPICIOUS_MOVE = YES;
				CLANG_WARN_UNGUARDED_AVAILABILITY = YES_AGGRESSIVE;
				CLANG_WARN_UNREACHABLE_CODE = YES;
				CLANG_WARN__DUPLICATE_METHOD_MATCH = YES;
				COPY_PHASE_STRIP = NO;
				DEBUG_INFORMATION_FORMAT = "dwarf-with-dsym";
				ENABLE_NS_ASSERTIONS = NO;
				ENABLE_STRICT_OBJC_MSGSEND = YES;
				GCC_C_LANGUAGE_STANDARD = gnu11;
				GCC_NO_COMMON_BLOCKS = YES;
				GCC_WARN_64_TO_32_BIT_CONVERSION = YES;
				GCC_WARN_ABOUT_RETURN_TYPE = YES_ERROR;
				GCC_WARN_UNDECLARED_SELECTOR = YES;
				GCC_WARN_UNINITIALIZED_AUTOS = YES_AGGRESSIVE;
				GCC_WARN_UNUSED_FUNCTION = YES;
				GCC_WARN_UNUSED_VARIABLE = YES;
				IPHONEOS_DEPLOYMENT_TARGET = 15.0;
				MTL_ENABLE_DEBUG_INFO = NO;
				MTL_FAST_MATH = YES;
				SDKROOT = iphoneos;
				SWIFT_COMPILATION_MODE = wholemodule;
				SWIFT_OPTIMIZATION_LEVEL = "-O";
				VALIDATE_PRODUCT = YES;
			};
			name = Release;
		};
		ADF404FA275C12D4003F28F2 /* Debug */ = {
			isa = XCBuildConfiguration;
			buildSettings = {
				ASSETCATALOG_COMPILER_APPICON_NAME = AppIcon;
				ASSETCATALOG_COMPILER_GLOBAL_ACCENT_COLOR_NAME = AccentColor;
				CODE_SIGN_STYLE = Automatic;
				CURRENT_PROJECT_VERSION = 1;
				DEVELOPMENT_TEAM = A3H892UVHL;
				GENERATE_INFOPLIST_FILE = YES;
				INFOPLIST_FILE = SelfieApp/Info.plist;
				INFOPLIST_KEY_UIApplicationSupportsIndirectInputEvents = YES;
				INFOPLIST_KEY_UILaunchStoryboardName = LaunchScreen;
				INFOPLIST_KEY_UIMainStoryboardFile = Main;
				INFOPLIST_KEY_UISupportedInterfaceOrientations_iPad = "UIInterfaceOrientationPortrait UIInterfaceOrientationPortraitUpsideDown UIInterfaceOrientationLandscapeLeft UIInterfaceOrientationLandscapeRight";
				INFOPLIST_KEY_UISupportedInterfaceOrientations_iPhone = "UIInterfaceOrientationPortrait UIInterfaceOrientationLandscapeLeft UIInterfaceOrientationLandscapeRight";
				LD_RUNPATH_SEARCH_PATHS = (
					"$(inherited)",
					"@executable_path/Frameworks",
				);
				MARKETING_VERSION = 1.0;
				PRODUCT_BUNDLE_IDENTIFIER = "-45tg.SelfieApp";
				PRODUCT_NAME = "$(TARGET_NAME)";
				SWIFT_EMIT_LOC_STRINGS = YES;
				SWIFT_VERSION = 5.0;
				TARGETED_DEVICE_FAMILY = "1,2";
			};
			name = Debug;
		};
		ADF404FB275C12D4003F28F2 /* Release */ = {
			isa = XCBuildConfiguration;
			buildSettings = {
				ASSETCATALOG_COMPILER_APPICON_NAME = AppIcon;
				ASSETCATALOG_COMPILER_GLOBAL_ACCENT_COLOR_NAME = AccentColor;
				CODE_SIGN_STYLE = Automatic;
				CURRENT_PROJECT_VERSION = 1;
				DEVELOPMENT_TEAM = A3H892UVHL;
				GENERATE_INFOPLIST_FILE = YES;
				INFOPLIST_FILE = SelfieApp/Info.plist;
				INFOPLIST_KEY_UIApplicationSupportsIndirectInputEvents = YES;
				INFOPLIST_KEY_UILaunchStoryboardName = LaunchScreen;
				INFOPLIST_KEY_UIMainStoryboardFile = Main;
				INFOPLIST_KEY_UISupportedInterfaceOrientations_iPad = "UIInterfaceOrientationPortrait UIInterfaceOrientationPortraitUpsideDown UIInterfaceOrientationLandscapeLeft UIInterfaceOrientationLandscapeRight";
				INFOPLIST_KEY_UISupportedInterfaceOrientations_iPhone = "UIInterfaceOrientationPortrait UIInterfaceOrientationLandscapeLeft UIInterfaceOrientationLandscapeRight";
				LD_RUNPATH_SEARCH_PATHS = (
					"$(inherited)",
					"@executable_path/Frameworks",
				);
				MARKETING_VERSION = 1.0;
				PRODUCT_BUNDLE_IDENTIFIER = "-45tg.SelfieApp";
				PRODUCT_NAME = "$(TARGET_NAME)";
				SWIFT_EMIT_LOC_STRINGS = YES;
				SWIFT_VERSION = 5.0;
				TARGETED_DEVICE_FAMILY = "1,2";
			};
			name = Release;
		};
/* End XCBuildConfiguration section */

/* Begin XCConfigurationList section */
		ADF404E0275C12D0003F28F2 /* Build configuration list for PBXProject "SelfieApp" */ = {
			isa = XCConfigurationList;
			buildConfigurations = (
				ADF404F7275C12D4003F28F2 /* Debug */,
				ADF404F8275C12D4003F28F2 /* Release */,
			);
			defaultConfigurationIsVisible = 0;
			defaultConfigurationName = Release;
		};
		ADF404F9275C12D4003F28F2 /* Build configuration list for PBXNativeTarget "SelfieApp" */ = {
			isa = XCConfigurationList;
			buildConfigurations = (
				ADF404FA275C12D4003F28F2 /* Debug */,
				ADF404FB275C12D4003F28F2 /* Release */,
			);
			defaultConfigurationIsVisible = 0;
			defaultConfigurationName = Release;
		};
/* End XCConfigurationList section */
	};
	rootObject = ADF404DD275C12D0003F28F2 /* Project object */;
}
